
Microsoft Visual Studio Solution File, Format Version 12.00
# Visual Studio Version 17
VisualStudioVersion = 17.14.36518.9 d17.14
MinimumVisualStudioVersion = 10.0.40219.1
Project("{FAE04EC0-301F-11D3-BF4B-00C04F79EFBC}") = "Blackjack", "Blackjack.csproj", "{68B709EB-688E-40AD-803A-95B00403750B}"
EndProject
Global
	GlobalSection(SolutionConfigurationPlatforms) = preSolution
		Debug|Any CPU = Debug|Any CPU
		Release|Any CPU = Release|Any CPU
	EndGlobalSection
	GlobalSection(ProjectConfigurationPlatforms) = postSolution
		{68B709EB-688E-40AD-803A-95B00403750B}.Debug|Any CPU.ActiveCfg = Debug|Any CPU
		{68B709EB-688E-40AD-803A-95B00403750B}.Debug|Any CPU.Build.0 = Debug|Any CPU
		{68B709EB-688E-40AD-803A-95B00403750B}.Release|Any CPU.ActiveCfg = Release|Any CPU
		{68B709EB-688E-40AD-803A-95B00403750B}.Release|Any CPU.Build.0 = Release|Any CPU
	EndGlobalSection
	GlobalSection(SolutionProperties) = preSolution
		HideSolutionNode = FALSE
	EndGlobalSection
	GlobalSection(ExtensibilityGlobals) = postSolution
		SolutionGuid = {75B1C023-0000-4BA0-9E72-EBAE3C9BAAC3}
	EndGlobalSection
EndGlobal
