
Microsoft Visual Studio Solution File, Format Version 12.00
# Visual Studio Version 17
VisualStudioVersion = 17.14.36414.22 d17.14
MinimumVisualStudioVersion = 10.0.40219.1
Project("{FAE04EC0-301F-11D3-BF4B-00C04F79EFBC}") = "BS_AnimatedGrids", "BS_AnimatedGrids.csproj", "{AD1FEE26-C9BF-4901-9360-0FE46ADA1592}"
EndProject
Global
	GlobalSection(SolutionConfigurationPlatforms) = preSolution
		Debug|Any CPU = Debug|Any CPU
		Release|Any CPU = Release|Any CPU
	EndGlobalSection
	GlobalSection(ProjectConfigurationPlatforms) = postSolution
		{AD1FEE26-C9BF-4901-9360-0FE46ADA1592}.Debug|Any CPU.ActiveCfg = Debug|Any CPU
		{AD1FEE26-C9BF-4901-9360-0FE46ADA1592}.Debug|Any CPU.Build.0 = Debug|Any CPU
		{AD1FEE26-C9BF-4901-9360-0FE46ADA1592}.Release|Any CPU.ActiveCfg = Release|Any CPU
		{AD1FEE26-C9BF-4901-9360-0FE46ADA1592}.Release|Any CPU.Build.0 = Release|Any CPU
	EndGlobalSection
	GlobalSection(SolutionProperties) = preSolution
		HideSolutionNode = FALSE
	EndGlobalSection
	GlobalSection(ExtensibilityGlobals) = postSolution
		SolutionGuid = {D4486E06-BBD7-4F92-8826-3E1F3831E5C9}
	EndGlobalSection
EndGlobal
